
Microsoft Visual Studio Solution File, Format Version 12.00
# Visual Studio Version 16
VisualStudioVersion = 16.0.30114.105
MinimumVisualStudioVersion = 10.0.40219.1
Project("{FAE04EC0-301F-11D3-BF4B-00C04F79EFBC}") = "GuitarShop.WebApi", "GuitarShop.WebApi\GuitarShop.WebApi.csproj", "{45FE3C2F-629D-4D3B-AD89-7D6E56864E71}"
EndProject
Project("{FAE04EC0-301F-11D3-BF4B-00C04F79EFBC}") = "GuitarShop.WebApi.Tests", "GuitarShop.WebApi.Tests\GuitarShop.WebApi.Tests.csproj", "{B4C95D3B-AD4C-421F-943F-1EAAC5679AC3}"
EndProject
Global
	GlobalSection(SolutionConfigurationPlatforms) = preSolution
		Debug|Any CPU = Debug|Any CPU
		Debug|x64 = Debug|x64
		Debug|x86 = Debug|x86
		Release|Any CPU = Release|Any CPU
		Release|x64 = Release|x64
		Release|x86 = Release|x86
	EndGlobalSection
	GlobalSection(SolutionProperties) = preSolution
		HideSolutionNode = FALSE
	EndGlobalSection
	GlobalSection(ProjectConfigurationPlatforms) = postSolution
		{45FE3C2F-629D-4D3B-AD89-7D6E56864E71}.Debug|Any CPU.ActiveCfg = Debug|Any CPU
		{45FE3C2F-629D-4D3B-AD89-7D6E56864E71}.Debug|Any CPU.Build.0 = Debug|Any CPU
		{45FE3C2F-629D-4D3B-AD89-7D6E56864E71}.Debug|x64.ActiveCfg = Debug|Any CPU
		{45FE3C2F-629D-4D3B-AD89-7D6E56864E71}.Debug|x64.Build.0 = Debug|Any CPU
		{45FE3C2F-629D-4D3B-AD89-7D6E56864E71}.Debug|x86.ActiveCfg = Debug|Any CPU
		{45FE3C2F-629D-4D3B-AD89-7D6E56864E71}.Debug|x86.Build.0 = Debug|Any CPU
		{45FE3C2F-629D-4D3B-AD89-7D6E56864E71}.Release|Any CPU.ActiveCfg = Release|Any CPU
		{45FE3C2F-629D-4D3B-AD89-7D6E56864E71}.Release|Any CPU.Build.0 = Release|Any CPU
		{45FE3C2F-629D-4D3B-AD89-7D6E56864E71}.Release|x64.ActiveCfg = Release|Any CPU
		{45FE3C2F-629D-4D3B-AD89-7D6E56864E71}.Release|x64.Build.0 = Release|Any CPU
		{45FE3C2F-629D-4D3B-AD89-7D6E56864E71}.Release|x86.ActiveCfg = Release|Any CPU
		{45FE3C2F-629D-4D3B-AD89-7D6E56864E71}.Release|x86.Build.0 = Release|Any CPU
		{B4C95D3B-AD4C-421F-943F-1EAAC5679AC3}.Debug|Any CPU.ActiveCfg = Debug|Any CPU
		{B4C95D3B-AD4C-421F-943F-1EAAC5679AC3}.Debug|Any CPU.Build.0 = Debug|Any CPU
		{B4C95D3B-AD4C-421F-943F-1EAAC5679AC3}.Debug|x64.ActiveCfg = Debug|Any CPU
		{B4C95D3B-AD4C-421F-943F-1EAAC5679AC3}.Debug|x64.Build.0 = Debug|Any CPU
		{B4C95D3B-AD4C-421F-943F-1EAAC5679AC3}.Debug|x86.ActiveCfg = Debug|Any CPU
		{B4C95D3B-AD4C-421F-943F-1EAAC5679AC3}.Debug|x86.Build.0 = Debug|Any CPU
		{B4C95D3B-AD4C-421F-943F-1EAAC5679AC3}.Release|Any CPU.ActiveCfg = Release|Any CPU
		{B4C95D3B-AD4C-421F-943F-1EAAC5679AC3}.Release|Any CPU.Build.0 = Release|Any CPU
		{B4C95D3B-AD4C-421F-943F-1EAAC5679AC3}.Release|x64.ActiveCfg = Release|Any CPU
		{B4C95D3B-AD4C-421F-943F-1EAAC5679AC3}.Release|x64.Build.0 = Release|Any CPU
		{B4C95D3B-AD4C-421F-943F-1EAAC5679AC3}.Release|x86.ActiveCfg = Release|Any CPU
		{B4C95D3B-AD4C-421F-943F-1EAAC5679AC3}.Release|x86.Build.0 = Release|Any CPU
	EndGlobalSection
EndGlobal
